
Microsoft Visual Studio Solution File, Format Version 12.00
# Visual Studio Version 17
VisualStudioVersion = 17.3.32819.101
MinimumVisualStudioVersion = 10.0.40219.1
Project("{FAE04EC0-301F-11D3-BF4B-00C04F79EFBC}") = "assignment8_Durham_Ryan", "assignment8_Durham_Ryan\assignment8_Durham_Ryan.csproj", "{07B8B7A7-DA1C-4102-B75B-27DFCAC5AD4F}"
EndProject
Global
	GlobalSection(SolutionConfigurationPlatforms) = preSolution
		Debug|Any CPU = Debug|Any CPU
		Release|Any CPU = Release|Any CPU
	EndGlobalSection
	GlobalSection(ProjectConfigurationPlatforms) = postSolution
		{07B8B7A7-DA1C-4102-B75B-27DFCAC5AD4F}.Debug|Any CPU.ActiveCfg = Debug|Any CPU
		{07B8B7A7-DA1C-4102-B75B-27DFCAC5AD4F}.Debug|Any CPU.Build.0 = Debug|Any CPU
		{07B8B7A7-DA1C-4102-B75B-27DFCAC5AD4F}.Release|Any CPU.ActiveCfg = Release|Any CPU
		{07B8B7A7-DA1C-4102-B75B-27DFCAC5AD4F}.Release|Any CPU.Build.0 = Release|Any CPU
	EndGlobalSection
	GlobalSection(SolutionProperties) = preSolution
		HideSolutionNode = FALSE
	EndGlobalSection
	GlobalSection(ExtensibilityGlobals) = postSolution
		SolutionGuid = {98830EBB-3A40-43BD-89F9-906867918316}
	EndGlobalSection
EndGlobal
